
Microsoft Visual Studio Solution File, Format Version 12.00
# Visual Studio Version 17
VisualStudioVersion = 17.8.34408.163
MinimumVisualStudioVersion = 10.0.40219.1
Project("{8BC9CEB8-8B4A-11D0-8D11-00A0C91BC942}") = "chp12", "chp12.vcxproj", "{78CDCFE1-BFB3-4952-A101-9CC7FEFF457C}"
EndProject
Global
	GlobalSection(SolutionConfigurationPlatforms) = preSolution
		Debug|x64 = Debug|x64
		Debug|x86 = Debug|x86
		Release|x64 = Release|x64
		Release|x86 = Release|x86
	EndGlobalSection
	GlobalSection(ProjectConfigurationPlatforms) = postSolution
		{78CDCFE1-BFB3-4952-A101-9CC7FEFF457C}.Debug|x64.ActiveCfg = Debug|x64
		{78CDCFE1-BFB3-4952-A101-9CC7FEFF457C}.Debug|x64.Build.0 = Debug|x64
		{78CDCFE1-BFB3-4952-A101-9CC7FEFF457C}.Debug|x86.ActiveCfg = Debug|Win32
		{78CDCFE1-BFB3-4952-A101-9CC7FEFF457C}.Debug|x86.Build.0 = Debug|Win32
		{78CDCFE1-BFB3-4952-A101-9CC7FEFF457C}.Release|x64.ActiveCfg = Release|x64
		{78CDCFE1-BFB3-4952-A101-9CC7FEFF457C}.Release|x64.Build.0 = Release|x64
		{78CDCFE1-BFB3-4952-A101-9CC7FEFF457C}.Release|x86.ActiveCfg = Release|Win32
		{78CDCFE1-BFB3-4952-A101-9CC7FEFF457C}.Release|x86.Build.0 = Release|Win32
	EndGlobalSection
	GlobalSection(SolutionProperties) = preSolution
		HideSolutionNode = FALSE
	EndGlobalSection
	GlobalSection(ExtensibilityGlobals) = postSolution
		SolutionGuid = {754566DB-F633-4ACA-998A-909E266A4913}
	EndGlobalSection
EndGlobal
